// !$*UTF8*$!
{
	archiveVersion = 1;
	classes = {
	};
	objectVersion = 77;
	objects = {

/* Begin PBXBuildFile section */
		ED1522C62CFAC29C00941684 /* Malvon-Updater.app in CopyFiles */ = {isa = PBXBuildFile; fileRef = ED1522C12CFABCFE00941684 /* Malvon-Updater.app */; settings = {ATTRIBUTES = (RemoveHeadersOnCopy, ); }; };
		ED9D55AE2CF155A1000E6319 /* license.txt in Resources */ = {isa = PBXBuildFile; fileRef = ED9D55AD2CF155A1000E6319 /* license.txt */; };
/* End PBXBuildFile section */

/* Begin PBXContainerItemProxy section */
		ED1522C02CFABCFE00941684 /* PBXContainerItemProxy */ = {
			isa = PBXContainerItemProxy;
			containerPortal = ED1522BC2CFABCFD00941684 /* Malvon-Updater.xcodeproj */;
			proxyType = 2;
			remoteGlobalIDString = ED1522AA2CFABCFC00941684;
			remoteInfo = "Malvon-Updater";
		};
		ED1522C22CFABF8B00941684 /* PBXContainerItemProxy */ = {
			isa = PBXContainerItemProxy;
			containerPortal = ED1522BC2CFABCFD00941684 /* Malvon-Updater.xcodeproj */;
			proxyType = 1;
			remoteGlobalIDString = ED1522A92CFABCFC00941684;
			remoteInfo = "Malvon-Updater";
		};
/* End PBXContainerItemProxy section */

/* Begin PBXCopyFilesBuildPhase section */
		ED1522C52CFAC29600941684 /* CopyFiles */ = {
			isa = PBXCopyFilesBuildPhase;
			buildActionMask = 2147483647;
			dstPath = "";
			dstSubfolderSpec = 6;
			files = (
				ED1522C62CFAC29C00941684 /* Malvon-Updater.app in CopyFiles */,
			);
			runOnlyForDeploymentPostprocessing = 0;
		};
/* End PBXCopyFilesBuildPhase section */

/* Begin PBXFileReference section */
		ED1522BC2CFABCFD00941684 /* Malvon-Updater.xcodeproj */ = {isa = PBXFileReference; lastKnownFileType = "wrapper.pb-project"; name = "Malvon-Updater.xcodeproj"; path = "Malvon-Updater/Malvon-Updater.xcodeproj"; sourceTree = "<group>"; };
		ED39076D2CF0235C005D791F /* wBlock.mlx */ = {isa = PBXFileReference; explicitFileType = wrapper.cfbundle; includeInIndex = 0; path = wBlock.mlx; sourceTree = BUILT_PRODUCTS_DIR; };
		ED3AEFE22CDAED2F002AE6CC /* Malvon.app */ = {isa = PBXFileReference; explicitFileType = wrapper.application; includeInIndex = 0; path = Malvon.app; sourceTree = BUILT_PRODUCTS_DIR; };
		ED3BA1482CE11E480094F6E9 /* Log.md */ = {isa = PBXFileReference; lastKnownFileType = net.daringfireball.markdown; path = Log.md; sourceTree = "<group>"; };
		ED78ED092CEFFCB300B12142 /* WebExtensionKit.xpc */ = {isa = PBXFileReference; explicitFileType = "wrapper.xpc-service"; includeInIndex = 0; path = WebExtensionKit.xpc; sourceTree = BUILT_PRODUCTS_DIR; };
		ED9D55AD2CF155A1000E6319 /* license.txt */ = {isa = PBXFileReference; lastKnownFileType = text; path = license.txt; sourceTree = "<group>"; };
/* End PBXFileReference section */

/* Begin PBXFileSystemSynchronizedBuildFileExceptionSet section */
		ED3907282CEFFF8C005D791F /* Exceptions for "Common" folder in "WebExtensionKit" target */ = {
			isa = PBXFileSystemSynchronizedBuildFileExceptionSet;
			membershipExceptions = (
				WebExtensionKitProtocol.swift,
			);
			target = ED78ED082CEFFCB300B12142 /* WebExtensionKit */;
		};
		ED3907782CF02390005D791F /* Exceptions for "wBlock" folder in "Malvon" target */ = {
			isa = PBXFileSystemSynchronizedBuildFileExceptionSet;
			membershipExceptions = (
				blockerList.json,
				manifest.json,
				wBlock.swift,
			);
			target = ED3AEFE12CDAED2F002AE6CC /* Malvon */;
		};
		ED3907792CF02390005D791F /* Exceptions for "wBlock" folder in "wBlock" target */ = {
			isa = PBXFileSystemSynchronizedBuildFileExceptionSet;
			membershipExceptions = (
				blockerList.json,
				manifest.json,
				wBlock.swift,
			);
			target = ED39076C2CF0235C005D791F /* wBlock */;
		};
		ED3BA1422CE1074A0094F6E9 /* Exceptions for "AXMalvon" folder in "Malvon" target */ = {
			isa = PBXFileSystemSynchronizedBuildFileExceptionSet;
			membershipExceptions = (
				Info.plist,
			);
			target = ED3AEFE12CDAED2F002AE6CC /* Malvon */;
		};
		ED78ED192CEFFCB300B12142 /* Exceptions for "WebExtensionKit" folder in "WebExtensionKit" target */ = {
			isa = PBXFileSystemSynchronizedBuildFileExceptionSet;
			membershipExceptions = (
				Info.plist,
			);
			target = ED78ED082CEFFCB300B12142 /* WebExtensionKit */;
		};
/* End PBXFileSystemSynchronizedBuildFileExceptionSet section */

/* Begin PBXFileSystemSynchronizedRootGroup section */
		ED3907262CEFFF86005D791F /* Common */ = {
			isa = PBXFileSystemSynchronizedRootGroup;
			exceptions = (
				ED3907282CEFFF8C005D791F /* Exceptions for "Common" folder in "WebExtensionKit" target */,
			);
			path = Common;
			sourceTree = "<group>";
		};
		ED3907712CF02376005D791F /* wBlock */ = {
			isa = PBXFileSystemSynchronizedRootGroup;
			exceptions = (
				ED3907782CF02390005D791F /* Exceptions for "wBlock" folder in "Malvon" target */,
				ED3907792CF02390005D791F /* Exceptions for "wBlock" folder in "wBlock" target */,
			);
			path = wBlock;
			sourceTree = "<group>";
		};
		ED3AEFE42CDAED2F002AE6CC /* AXMalvon */ = {
			isa = PBXFileSystemSynchronizedRootGroup;
			exceptions = (
				ED3BA1422CE1074A0094F6E9 /* Exceptions for "AXMalvon" folder in "Malvon" target */,
			);
			path = AXMalvon;
			sourceTree = "<group>";
		};
		ED78ED0A2CEFFCB300B12142 /* WebExtensionKit */ = {
			isa = PBXFileSystemSynchronizedRootGroup;
			exceptions = (
				ED78ED192CEFFCB300B12142 /* Exceptions for "WebExtensionKit" folder in "WebExtensionKit" target */,
			);
			path = WebExtensionKit;
			sourceTree = "<group>";
		};
/* End PBXFileSystemSynchronizedRootGroup section */

/* Begin PBXFrameworksBuildPhase section */
		ED39076A2CF0235C005D791F /* Frameworks */ = {
			isa = PBXFrameworksBuildPhase;
			buildActionMask = 2147483647;
			files = (
			);
			runOnlyForDeploymentPostprocessing = 0;
		};
		ED3AEFDF2CDAED2F002AE6CC /* Frameworks */ = {
			isa = PBXFrameworksBuildPhase;
			buildActionMask = 2147483647;
			files = (
			);
			runOnlyForDeploymentPostprocessing = 0;
		};
		ED78ED062CEFFCB300B12142 /* Frameworks */ = {
			isa = PBXFrameworksBuildPhase;
			buildActionMask = 2147483647;
			files = (
			);
			runOnlyForDeploymentPostprocessing = 0;
		};
/* End PBXFrameworksBuildPhase section */

/* Begin PBXGroup section */
		ED1522BD2CFABCFD00941684 /* Products */ = {
			isa = PBXGroup;
			children = (
				ED1522C12CFABCFE00941684 /* Malvon-Updater.app */,
			);
			name = Products;
			sourceTree = "<group>";
		};
		ED3AEFD92CDAED2F002AE6CC = {
			isa = PBXGroup;
			children = (
				ED1522BC2CFABCFD00941684 /* Malvon-Updater.xcodeproj */,
				ED3907712CF02376005D791F /* wBlock */,
				ED3907262CEFFF86005D791F /* Common */,
				ED3BA1482CE11E480094F6E9 /* Log.md */,
				ED9D55AD2CF155A1000E6319 /* license.txt */,
				ED3AEFE42CDAED2F002AE6CC /* AXMalvon */,
				ED78ED0A2CEFFCB300B12142 /* WebExtensionKit */,
				ED3AEFE32CDAED2F002AE6CC /* Products */,
			);
			sourceTree = "<group>";
		};
		ED3AEFE32CDAED2F002AE6CC /* Products */ = {
			isa = PBXGroup;
			children = (
				ED3AEFE22CDAED2F002AE6CC /* Malvon.app */,
				ED78ED092CEFFCB300B12142 /* WebExtensionKit.xpc */,
				ED39076D2CF0235C005D791F /* wBlock.mlx */,
			);
			name = Products;
			sourceTree = "<group>";
		};
/* End PBXGroup section */

/* Begin PBXNativeTarget section */
		ED39076C2CF0235C005D791F /* wBlock */ = {
			isa = PBXNativeTarget;
			buildConfigurationList = ED39076E2CF0235C005D791F /* Build configuration list for PBXNativeTarget "wBlock" */;
			buildPhases = (
				ED3907692CF0235C005D791F /* Sources */,
				ED39076A2CF0235C005D791F /* Frameworks */,
				ED39076B2CF0235C005D791F /* Resources */,
			);
			buildRules = (
			);
			dependencies = (
			);
			name = wBlock;
			packageProductDependencies = (
			);
			productName = wBlock;
			productReference = ED39076D2CF0235C005D791F /* wBlock.mlx */;
			productType = "com.apple.product-type.bundle";
		};
		ED3AEFE12CDAED2F002AE6CC /* Malvon */ = {
			isa = PBXNativeTarget;
			buildConfigurationList = ED3AEFEF2CDAED30002AE6CC /* Build configuration list for PBXNativeTarget "Malvon" */;
			buildPhases = (
				ED3AEFDE2CDAED2F002AE6CC /* Sources */,
				ED3AEFDF2CDAED2F002AE6CC /* Frameworks */,
				ED3AEFE02CDAED2F002AE6CC /* Resources */,
				ED1522C52CFAC29600941684 /* CopyFiles */,
			);
			buildRules = (
			);
			dependencies = (
				ED1522C32CFABF8B00941684 /* PBXTargetDependency */,
			);
			fileSystemSynchronizedGroups = (
				ED3907262CEFFF86005D791F /* Common */,
				ED3907712CF02376005D791F /* wBlock */,
				ED3AEFE42CDAED2F002AE6CC /* AXMalvon */,
			);
			name = Malvon;
			packageProductDependencies = (
			);
			productName = AXMalvon;
			productReference = ED3AEFE22CDAED2F002AE6CC /* Malvon.app */;
			productType = "com.apple.product-type.application";
		};
		ED78ED082CEFFCB300B12142 /* WebExtensionKit */ = {
			isa = PBXNativeTarget;
			buildConfigurationList = ED78ED162CEFFCB300B12142 /* Build configuration list for PBXNativeTarget "WebExtensionKit" */;
			buildPhases = (
				ED78ED052CEFFCB300B12142 /* Sources */,
				ED78ED062CEFFCB300B12142 /* Frameworks */,
				ED78ED072CEFFCB300B12142 /* Resources */,
			);
			buildRules = (
			);
			dependencies = (
			);
			fileSystemSynchronizedGroups = (
				ED78ED0A2CEFFCB300B12142 /* WebExtensionKit */,
			);
			name = WebExtensionKit;
			packageProductDependencies = (
			);
			productName = WebExtensionKit;
			productReference = ED78ED092CEFFCB300B12142 /* WebExtensionKit.xpc */;
			productType = "com.apple.product-type.xpc-service";
		};
/* End PBXNativeTarget section */

/* Begin PBXProject section */
		ED3AEFDA2CDAED2F002AE6CC /* Project object */ = {
			isa = PBXProject;
			attributes = {
				BuildIndependentTargetsInParallel = 1;
				CLASSPREFIX = AX;
				LastSwiftUpdateCheck = 1610;
				LastUpgradeCheck = 1610;
				TargetAttributes = {
					ED39076C2CF0235C005D791F = {
						CreatedOnToolsVersion = 16.1;
						LastSwiftMigration = 1610;
					};
					ED3AEFE12CDAED2F002AE6CC = {
						CreatedOnToolsVersion = 16.1;
						LastSwiftMigration = 1610;
					};
					ED78ED082CEFFCB300B12142 = {
						CreatedOnToolsVersion = 16.1;
					};
				};
			};
			buildConfigurationList = ED3AEFDD2CDAED2F002AE6CC /* Build configuration list for PBXProject "AXMalvon" */;
			developmentRegion = en;
			hasScannedForEncodings = 0;
			knownRegions = (
				en,
				Base,
			);
			mainGroup = ED3AEFD92CDAED2F002AE6CC;
			minimizedProjectReferenceProxies = 1;
			packageReferences = (
			);
			preferredProjectObjectVersion = 77;
			productRefGroup = ED3AEFE32CDAED2F002AE6CC /* Products */;
			projectDirPath = "";
			projectReferences = (
				{
					ProductGroup = ED1522BD2CFABCFD00941684 /* Products */;
					ProjectRef = ED1522BC2CFABCFD00941684 /* Malvon-Updater.xcodeproj */;
				},
			);
			projectRoot = "";
			targets = (
				ED3AEFE12CDAED2F002AE6CC /* Malvon */,
				ED78ED082CEFFCB300B12142 /* WebExtensionKit */,
				ED39076C2CF0235C005D791F /* wBlock */,
			);
		};
/* End PBXProject section */

/* Begin PBXReferenceProxy section */
		ED1522C12CFABCFE00941684 /* Malvon-Updater.app */ = {
			isa = PBXReferenceProxy;
			fileType = wrapper.application;
			path = "Malvon-Updater.app";
			remoteRef = ED1522C02CFABCFE00941684 /* PBXContainerItemProxy */;
			sourceTree = BUILT_PRODUCTS_DIR;
		};
/* End PBXReferenceProxy section */

/* Begin PBXResourcesBuildPhase section */
		ED39076B2CF0235C005D791F /* Resources */ = {
			isa = PBXResourcesBuildPhase;
			buildActionMask = 2147483647;
			files = (
			);
			runOnlyForDeploymentPostprocessing = 0;
		};
		ED3AEFE02CDAED2F002AE6CC /* Resources */ = {
			isa = PBXResourcesBuildPhase;
			buildActionMask = 2147483647;
			files = (
				ED9D55AE2CF155A1000E6319 /* license.txt in Resources */,
			);
			runOnlyForDeploymentPostprocessing = 0;
		};
		ED78ED072CEFFCB300B12142 /* Resources */ = {
			isa = PBXResourcesBuildPhase;
			buildActionMask = 2147483647;
			files = (
			);
			runOnlyForDeploymentPostprocessing = 0;
		};
/* End PBXResourcesBuildPhase section */

/* Begin PBXSourcesBuildPhase section */
		ED3907692CF0235C005D791F /* Sources */ = {
			isa = PBXSourcesBuildPhase;
			buildActionMask = 2147483647;
			files = (
			);
			runOnlyForDeploymentPostprocessing = 0;
		};
		ED3AEFDE2CDAED2F002AE6CC /* Sources */ = {
			isa = PBXSourcesBuildPhase;
			buildActionMask = 2147483647;
			files = (
			);
			runOnlyForDeploymentPostprocessing = 0;
		};
		ED78ED052CEFFCB300B12142 /* Sources */ = {
			isa = PBXSourcesBuildPhase;
			buildActionMask = 2147483647;
			files = (
			);
			runOnlyForDeploymentPostprocessing = 0;
		};
/* End PBXSourcesBuildPhase section */

/* Begin PBXTargetDependency section */
		ED1522C32CFABF8B00941684 /* PBXTargetDependency */ = {
			isa = PBXTargetDependency;
			name = "Malvon-Updater";
			targetProxy = ED1522C22CFABF8B00941684 /* PBXContainerItemProxy */;
		};
/* End PBXTargetDependency section */

/* Begin XCBuildConfiguration section */
		ED39076F2CF0235C005D791F /* Debug */ = {
			isa = XCBuildConfiguration;
			buildSettings = {
				CLANG_ENABLE_MODULES = YES;
				CODE_SIGN_STYLE = Automatic;
				COMBINE_HIDPI_IMAGES = YES;
				CURRENT_PROJECT_VERSION = 1;
				DEVELOPMENT_TEAM = 3TJDS4N2C3;
				GENERATE_INFOPLIST_FILE = YES;
				INFOPLIST_KEY_NSHumanReadableCopyright = "";
				INFOPLIST_KEY_NSPrincipalClass = wBlock;
				INSTALL_PATH = "$(LOCAL_LIBRARY_DIR)/Bundles";
				MACOSX_DEPLOYMENT_TARGET = 15.0;
				MARKETING_VERSION = 1.0;
				PRODUCT_BUNDLE_IDENTIFIER = com.ayaamx.AXMalvon.wBlock;
				PRODUCT_NAME = "$(TARGET_NAME)";
				SKIP_INSTALL = YES;
				SWIFT_EMIT_LOC_STRINGS = YES;
				SWIFT_OPTIMIZATION_LEVEL = "-Onone";
				SWIFT_VERSION = 6.0;
				WRAPPER_EXTENSION = mlx;
			};
			name = Debug;
		};
		ED3907702CF0235C005D791F /* Release */ = {
			isa = XCBuildConfiguration;
			buildSettings = {
				CLANG_ENABLE_MODULES = YES;
				CODE_SIGN_STYLE = Automatic;
				COMBINE_HIDPI_IMAGES = YES;
				CURRENT_PROJECT_VERSION = 1;
				DEVELOPMENT_TEAM = 3TJDS4N2C3;
				GENERATE_INFOPLIST_FILE = YES;
				INFOPLIST_KEY_NSHumanReadableCopyright = "";
				INFOPLIST_KEY_NSPrincipalClass = wBlock;
				INSTALL_PATH = "$(LOCAL_LIBRARY_DIR)/Bundles";
				MACOSX_DEPLOYMENT_TARGET = 15.0;
				MARKETING_VERSION = 1.0;
				PRODUCT_BUNDLE_IDENTIFIER = com.ayaamx.AXMalvon.wBlock;
				PRODUCT_NAME = "$(TARGET_NAME)";
				SKIP_INSTALL = YES;
				SWIFT_EMIT_LOC_STRINGS = YES;
				SWIFT_VERSION = 6.0;
				WRAPPER_EXTENSION = mlx;
			};
			name = Release;
		};
		ED3AEFED2CDAED30002AE6CC /* Debug */ = {
			isa = XCBuildConfiguration;
			buildSettings = {
				ALWAYS_SEARCH_USER_PATHS = NO;
				ASSETCATALOG_COMPILER_GENERATE_SWIFT_ASSET_SYMBOL_EXTENSIONS = YES;
				CLANG_ANALYZER_NONNULL = YES;
				CLANG_ANALYZER_NUMBER_OBJECT_CONVERSION = YES_AGGRESSIVE;
				CLANG_CXX_LANGUAGE_STANDARD = "gnu++20";
				CLANG_ENABLE_MODULES = YES;
				CLANG_ENABLE_OBJC_ARC = YES;
				CLANG_ENABLE_OBJC_WEAK = YES;
				CLANG_WARN_BLOCK_CAPTURE_AUTORELEASING = YES;
				CLANG_WARN_BOOL_CONVERSION = YES;
				CLANG_WARN_COMMA = YES;
				CLANG_WARN_CONSTANT_CONVERSION = YES;
				CLANG_WARN_DEPRECATED_OBJC_IMPLEMENTATIONS = YES;
				CLANG_WARN_DIRECT_OBJC_ISA_USAGE = YES_ERROR;
				CLANG_WARN_DOCUMENTATION_COMMENTS = YES;
				CLANG_WARN_EMPTY_BODY = YES;
				CLANG_WARN_ENUM_CONVERSION = YES;
				CLANG_WARN_INFINITE_RECURSION = YES;
				CLANG_WARN_INT_CONVERSION = YES;
				CLANG_WARN_NON_LITERAL_NULL_CONVERSION = YES;
				CLANG_WARN_OBJC_IMPLICIT_RETAIN_SELF = YES;
				CLANG_WARN_OBJC_LITERAL_CONVERSION = YES;
				CLANG_WARN_OBJC_ROOT_CLASS = YES_ERROR;
				CLANG_WARN_QUOTED_INCLUDE_IN_FRAMEWORK_HEADER = YES;
				CLANG_WARN_RANGE_LOOP_ANALYSIS = YES;
				CLANG_WARN_STRICT_PROTOTYPES = YES;
				CLANG_WARN_SUSPICIOUS_MOVE = YES;
				CLANG_WARN_UNGUARDED_AVAILABILITY = YES_AGGRESSIVE;
				CLANG_WARN_UNREACHABLE_CODE = YES;
				CLANG_WARN__DUPLICATE_METHOD_MATCH = YES;
				COPY_PHASE_STRIP = NO;
				DEBUG_INFORMATION_FORMAT = dwarf;
				ENABLE_STRICT_OBJC_MSGSEND = YES;
				ENABLE_TESTABILITY = YES;
				ENABLE_USER_SCRIPT_SANDBOXING = YES;
				GCC_C_LANGUAGE_STANDARD = gnu17;
				GCC_DYNAMIC_NO_PIC = NO;
				GCC_NO_COMMON_BLOCKS = YES;
				GCC_OPTIMIZATION_LEVEL = 0;
				GCC_PREPROCESSOR_DEFINITIONS = (
					"DEBUG=1",
					"$(inherited)",
				);
				GCC_WARN_64_TO_32_BIT_CONVERSION = YES;
				GCC_WARN_ABOUT_RETURN_TYPE = YES_ERROR;
				GCC_WARN_UNDECLARED_SELECTOR = YES;
				GCC_WARN_UNINITIALIZED_AUTOS = YES_AGGRESSIVE;
				GCC_WARN_UNUSED_FUNCTION = YES;
				GCC_WARN_UNUSED_VARIABLE = YES;
				LOCALIZATION_PREFERS_STRING_CATALOGS = YES;
				MACOSX_DEPLOYMENT_TARGET = 15.1;
				MTL_ENABLE_DEBUG_INFO = INCLUDE_SOURCE;
				MTL_FAST_MATH = YES;
				ONLY_ACTIVE_ARCH = YES;
				SDKROOT = macosx;
				SWIFT_ACTIVE_COMPILATION_CONDITIONS = "DEBUG $(inherited)";
				SWIFT_OPTIMIZATION_LEVEL = "-Onone";
			};
			name = Debug;
		};
		ED3AEFEE2CDAED30002AE6CC /* Release */ = {
			isa = XCBuildConfiguration;
			buildSettings = {
				ALWAYS_SEARCH_USER_PATHS = NO;
				ASSETCATALOG_COMPILER_GENERATE_SWIFT_ASSET_SYMBOL_EXTENSIONS = YES;
				CLANG_ANALYZER_NONNULL = YES;
				CLANG_ANALYZER_NUMBER_OBJECT_CONVERSION = YES_AGGRESSIVE;
				CLANG_CXX_LANGUAGE_STANDARD = "gnu++20";
				CLANG_ENABLE_MODULES = YES;
				CLANG_ENABLE_OBJC_ARC = YES;
				CLANG_ENABLE_OBJC_WEAK = YES;
				CLANG_WARN_BLOCK_CAPTURE_AUTORELEASING = YES;
				CLANG_WARN_BOOL_CONVERSION = YES;
				CLANG_WARN_COMMA = YES;
				CLANG_WARN_CONSTANT_CONVERSION = YES;
				CLANG_WARN_DEPRECATED_OBJC_IMPLEMENTATIONS = YES;
				CLANG_WARN_DIRECT_OBJC_ISA_USAGE = YES_ERROR;
				CLANG_WARN_DOCUMENTATION_COMMENTS = YES;
				CLANG_WARN_EMPTY_BODY = YES;
				CLANG_WARN_ENUM_CONVERSION = YES;
				CLANG_WARN_INFINITE_RECURSION = YES;
				CLANG_WARN_INT_CONVERSION = YES;
				CLANG_WARN_NON_LITERAL_NULL_CONVERSION = YES;
				CLANG_WARN_OBJC_IMPLICIT_RETAIN_SELF = YES;
				CLANG_WARN_OBJC_LITERAL_CONVERSION = YES;
				CLANG_WARN_OBJC_ROOT_CLASS = YES_ERROR;
				CLANG_WARN_QUOTED_INCLUDE_IN_FRAMEWORK_HEADER = YES;
				CLANG_WARN_RANGE_LOOP_ANALYSIS = YES;
				CLANG_WARN_STRICT_PROTOTYPES = YES;
				CLANG_WARN_SUSPICIOUS_MOVE = YES;
				CLANG_WARN_UNGUARDED_AVAILABILITY = YES_AGGRESSIVE;
				CLANG_WARN_UNREACHABLE_CODE = YES;
				CLANG_WARN__DUPLICATE_METHOD_MATCH = YES;
				COPY_PHASE_STRIP = NO;
				DEBUG_INFORMATION_FORMAT = "dwarf-with-dsym";
				ENABLE_NS_ASSERTIONS = NO;
				ENABLE_STRICT_OBJC_MSGSEND = YES;
				ENABLE_USER_SCRIPT_SANDBOXING = YES;
				GCC_C_LANGUAGE_STANDARD = gnu17;
				GCC_NO_COMMON_BLOCKS = YES;
				GCC_WARN_64_TO_32_BIT_CONVERSION = YES;
				GCC_WARN_ABOUT_RETURN_TYPE = YES_ERROR;
				GCC_WARN_UNDECLARED_SELECTOR = YES;
				GCC_WARN_UNINITIALIZED_AUTOS = YES_AGGRESSIVE;
				GCC_WARN_UNUSED_FUNCTION = YES;
				GCC_WARN_UNUSED_VARIABLE = YES;
				LOCALIZATION_PREFERS_STRING_CATALOGS = YES;
				MACOSX_DEPLOYMENT_TARGET = 15.1;
				MTL_ENABLE_DEBUG_INFO = NO;
				MTL_FAST_MATH = YES;
				SDKROOT = macosx;
				SWIFT_COMPILATION_MODE = wholemodule;
			};
			name = Release;
		};
		ED3AEFF02CDAED30002AE6CC /* Debug */ = {
			isa = XCBuildConfiguration;
			buildSettings = {
				ASSETCATALOG_COMPILER_APPICON_NAME = AppIcon;
				ASSETCATALOG_COMPILER_GLOBAL_ACCENT_COLOR_NAME = AccentColor;
				CLANG_ENABLE_MODULES = YES;
				CODE_SIGN_INJECT_BASE_ENTITLEMENTS = NO;
				CODE_SIGN_STYLE = Automatic;
				COMBINE_HIDPI_IMAGES = YES;
				CURRENT_PROJECT_VERSION = 0.1;
				DEVELOPMENT_TEAM = 3TJDS4N2C3;
				ENABLE_HARDENED_RUNTIME = NO;
				GENERATE_INFOPLIST_FILE = YES;
				INFOPLIST_FILE = AXMalvon/Info.plist;
				INFOPLIST_KEY_CFBundleDisplayName = Malvon;
				INFOPLIST_KEY_LSApplicationCategoryType = "public.app-category.productivity";
				INFOPLIST_KEY_NSCameraUsageDescription = "Malvon needs access to your camera";
				INFOPLIST_KEY_NSHumanReadableCopyright = "Copyright © 2022-2024 Ashwin Paudel, Aayam(X). All rights reserved.";
				INFOPLIST_KEY_NSMainNibFile = MainMenu;
				INFOPLIST_KEY_NSMicrophoneUsageDescription = "Malvon needs access to your microphone";
				INFOPLIST_KEY_NSPrincipalClass = NSApplication;
				LD_RUNPATH_SEARCH_PATHS = (
					"$(inherited)",
					"@executable_path/../Frameworks",
				);
				MACOSX_DEPLOYMENT_TARGET = 15.0;
				MARKETING_VERSION = 0.1;
				PRODUCT_BUNDLE_IDENTIFIER = com.ayaamx.AXMalvon;
				PRODUCT_NAME = "$(TARGET_NAME)";
				SWIFT_EMIT_LOC_STRINGS = YES;
				SWIFT_OPTIMIZATION_LEVEL = "-Onone";
				SWIFT_VERSION = 5.0;
			};
			name = Debug;
		};
		ED3AEFF12CDAED30002AE6CC /* Release */ = {
			isa = XCBuildConfiguration;
			buildSettings = {
				ASSETCATALOG_COMPILER_APPICON_NAME = AppIcon;
				ASSETCATALOG_COMPILER_GLOBAL_ACCENT_COLOR_NAME = AccentColor;
				CLANG_ENABLE_MODULES = YES;
				CODE_SIGN_INJECT_BASE_ENTITLEMENTS = NO;
				CODE_SIGN_STYLE = Automatic;
				COMBINE_HIDPI_IMAGES = YES;
				CURRENT_PROJECT_VERSION = 0.1;
				DEVELOPMENT_TEAM = 3TJDS4N2C3;
				ENABLE_HARDENED_RUNTIME = NO;
				GENERATE_INFOPLIST_FILE = YES;
				INFOPLIST_FILE = AXMalvon/Info.plist;
				INFOPLIST_KEY_CFBundleDisplayName = Malvon;
				INFOPLIST_KEY_LSApplicationCategoryType = "public.app-category.productivity";
				INFOPLIST_KEY_NSCameraUsageDescription = "Malvon needs access to your camera";
				INFOPLIST_KEY_NSHumanReadableCopyright = "Copyright © 2022-2024 Ashwin Paudel, Aayam(X). All rights reserved.";
				INFOPLIST_KEY_NSMainNibFile = MainMenu;
				INFOPLIST_KEY_NSMicrophoneUsageDescription = "Malvon needs access to your microphone";
				INFOPLIST_KEY_NSPrincipalClass = NSApplication;
				LD_RUNPATH_SEARCH_PATHS = (
					"$(inherited)",
					"@executable_path/../Frameworks",
				);
				MACOSX_DEPLOYMENT_TARGET = 15.0;
				MARKETING_VERSION = 0.1;
				PRODUCT_BUNDLE_IDENTIFIER = com.ayaamx.AXMalvon;
				PRODUCT_NAME = "$(TARGET_NAME)";
				SWIFT_EMIT_LOC_STRINGS = YES;
				SWIFT_VERSION = 5.0;
			};
			name = Release;
		};
		ED78ED172CEFFCB300B12142 /* Debug */ = {
			isa = XCBuildConfiguration;
			buildSettings = {
				CODE_SIGN_ENTITLEMENTS = WebExtensionKit/WebExtensionKit.entitlements;
				CODE_SIGN_STYLE = Automatic;
				COMBINE_HIDPI_IMAGES = YES;
				CURRENT_PROJECT_VERSION = 1;
				DEVELOPMENT_TEAM = 3TJDS4N2C3;
				ENABLE_HARDENED_RUNTIME = NO;
				GENERATE_INFOPLIST_FILE = YES;
				INFOPLIST_FILE = WebExtensionKit/Info.plist;
				INFOPLIST_KEY_CFBundleDisplayName = WebExtensionKit;
				INFOPLIST_KEY_NSHumanReadableCopyright = "";
				MACOSX_DEPLOYMENT_TARGET = 15.0;
				MARKETING_VERSION = 1.0;
				PRODUCT_BUNDLE_IDENTIFIER = com.ayaamx.AXMalvon.WebExtensionKit;
				PRODUCT_NAME = "$(TARGET_NAME)";
				SKIP_INSTALL = YES;
				SWIFT_EMIT_LOC_STRINGS = YES;
				SWIFT_VERSION = 5.0;
			};
			name = Debug;
		};
		ED78ED182CEFFCB300B12142 /* Release */ = {
			isa = XCBuildConfiguration;
			buildSettings = {
				CODE_SIGN_ENTITLEMENTS = WebExtensionKit/WebExtensionKit.entitlements;
				CODE_SIGN_STYLE = Automatic;
				COMBINE_HIDPI_IMAGES = YES;
				CURRENT_PROJECT_VERSION = 1;
				DEVELOPMENT_TEAM = 3TJDS4N2C3;
				ENABLE_HARDENED_RUNTIME = NO;
				GENERATE_INFOPLIST_FILE = YES;
				INFOPLIST_FILE = WebExtensionKit/Info.plist;
				INFOPLIST_KEY_CFBundleDisplayName = WebExtensionKit;
				INFOPLIST_KEY_NSHumanReadableCopyright = "";
				MACOSX_DEPLOYMENT_TARGET = 15.0;
				MARKETING_VERSION = 1.0;
				PRODUCT_BUNDLE_IDENTIFIER = com.ayaamx.AXMalvon.WebExtensionKit;
				PRODUCT_NAME = "$(TARGET_NAME)";
				SKIP_INSTALL = YES;
				SWIFT_EMIT_LOC_STRINGS = YES;
				SWIFT_VERSION = 5.0;
			};
			name = Release;
		};
/* End XCBuildConfiguration section */

/* Begin XCConfigurationList section */
		ED39076E2CF0235C005D791F /* Build configuration list for PBXNativeTarget "wBlock" */ = {
			isa = XCConfigurationList;
			buildConfigurations = (
				ED39076F2CF0235C005D791F /* Debug */,
				ED3907702CF0235C005D791F /* Release */,
			);
			defaultConfigurationIsVisible = 0;
			defaultConfigurationName = Release;
		};
		ED3AEFDD2CDAED2F002AE6CC /* Build configuration list for PBXProject "AXMalvon" */ = {
			isa = XCConfigurationList;
			buildConfigurations = (
				ED3AEFED2CDAED30002AE6CC /* Debug */,
				ED3AEFEE2CDAED30002AE6CC /* Release */,
			);
			defaultConfigurationIsVisible = 0;
			defaultConfigurationName = Release;
		};
		ED3AEFEF2CDAED30002AE6CC /* Build configuration list for PBXNativeTarget "Malvon" */ = {
			isa = XCConfigurationList;
			buildConfigurations = (
				ED3AEFF02CDAED30002AE6CC /* Debug */,
				ED3AEFF12CDAED30002AE6CC /* Release */,
			);
			defaultConfigurationIsVisible = 0;
			defaultConfigurationName = Release;
		};
		ED78ED162CEFFCB300B12142 /* Build configuration list for PBXNativeTarget "WebExtensionKit" */ = {
			isa = XCConfigurationList;
			buildConfigurations = (
				ED78ED172CEFFCB300B12142 /* Debug */,
				ED78ED182CEFFCB300B12142 /* Release */,
			);
			defaultConfigurationIsVisible = 0;
			defaultConfigurationName = Release;
		};
/* End XCConfigurationList section */
	};
	rootObject = ED3AEFDA2CDAED2F002AE6CC /* Project object */;
}
