// !$*UTF8*$!
{
	archiveVersion = 1;
	classes = {
	};
	objectVersion = 77;
	objects = {

/* Begin PBXBuildFile section */
		EDA45CC72D17303D00779C51 /* license.txt in Resources */ = {isa = PBXBuildFile; fileRef = ED9D55AD2CF155A1000E6319 /* license.txt */; };
		EDA45CC92D17303D00779C51 /* Malvon-Updater.app in Copy Malvon-Updater */ = {isa = PBXBuildFile; fileRef = ED1522C12CFABCFE00941684 /* Malvon-Updater.app */; settings = {ATTRIBUTES = (RemoveHeadersOnCopy, ); }; };
/* End PBXBuildFile section */

/* Begin PBXContainerItemProxy section */
		ED1522C02CFABCFE00941684 /* PBXContainerItemProxy */ = {
			isa = PBXContainerItemProxy;
			containerPortal = ED1522BC2CFABCFD00941684 /* Malvon-Updater.xcodeproj */;
			proxyType = 2;
			remoteGlobalIDString = ED1522AA2CFABCFC00941684;
			remoteInfo = "Malvon-Updater";
		};
		EDA45CC32D17303D00779C51 /* PBXContainerItemProxy */ = {
			isa = PBXContainerItemProxy;
			containerPortal = ED1522BC2CFABCFD00941684 /* Malvon-Updater.xcodeproj */;
			proxyType = 1;
			remoteGlobalIDString = ED1522A92CFABCFC00941684;
			remoteInfo = "Malvon-Updater";
		};
/* End PBXContainerItemProxy section */

/* Begin PBXCopyFilesBuildPhase section */
		EDA45CC82D17303D00779C51 /* Copy Malvon-Updater */ = {
			isa = PBXCopyFilesBuildPhase;
			buildActionMask = 12;
			dstPath = "";
			dstSubfolderSpec = 6;
			files = (
				EDA45CC92D17303D00779C51 /* Malvon-Updater.app in Copy Malvon-Updater */,
			);
			name = "Copy Malvon-Updater";
			runOnlyForDeploymentPostprocessing = 0;
		};
/* End PBXCopyFilesBuildPhase section */

/* Begin PBXFileReference section */
		ED1522BC2CFABCFD00941684 /* Malvon-Updater.xcodeproj */ = {isa = PBXFileReference; lastKnownFileType = "wrapper.pb-project"; name = "Malvon-Updater.xcodeproj"; path = "Malvon-Updater/Malvon-Updater.xcodeproj"; sourceTree = "<group>"; };
		ED3AEFE22CDAED2F002AE6CC /* Malvon Debug.app */ = {isa = PBXFileReference; explicitFileType = wrapper.application; includeInIndex = 0; path = "Malvon Debug.app"; sourceTree = BUILT_PRODUCTS_DIR; };
		ED3BA1482CE11E480094F6E9 /* Checklist.md */ = {isa = PBXFileReference; lastKnownFileType = net.daringfireball.markdown; path = Checklist.md; sourceTree = "<group>"; };
		ED9D55AD2CF155A1000E6319 /* license.txt */ = {isa = PBXFileReference; lastKnownFileType = text; path = license.txt; sourceTree = "<group>"; };
		EDA45CCD2D17303D00779C51 /* Malvon.app */ = {isa = PBXFileReference; explicitFileType = wrapper.application; includeInIndex = 0; path = Malvon.app; sourceTree = BUILT_PRODUCTS_DIR; };
/* End PBXFileReference section */

/* Begin PBXFileSystemSynchronizedBuildFileExceptionSet section */
		ED3BA1422CE1074A0094F6E9 /* Exceptions for "AXMalvon" folder in "Malvon Debug" target */ = {
			isa = PBXFileSystemSynchronizedBuildFileExceptionSet;
			membershipExceptions = (
				AdBlock/contentBlocker.json,
				Info.plist,
			);
			target = ED3AEFE12CDAED2F002AE6CC /* Malvon Debug */;
		};
		EDA45CD02D17303D00779C51 /* Exceptions for "AXMalvon" folder in "Malvon Release" target */ = {
			isa = PBXFileSystemSynchronizedBuildFileExceptionSet;
			membershipExceptions = (
				Info.plist,
			);
			target = EDA45CC12D17303D00779C51 /* Malvon Release */;
		};
/* End PBXFileSystemSynchronizedBuildFileExceptionSet section */

/* Begin PBXFileSystemSynchronizedRootGroup section */
		ED3AEFE42CDAED2F002AE6CC /* AXMalvon */ = {
			isa = PBXFileSystemSynchronizedRootGroup;
			exceptions = (
				ED3BA1422CE1074A0094F6E9 /* Exceptions for "AXMalvon" folder in "Malvon Debug" target */,
				EDA45CD02D17303D00779C51 /* Exceptions for "AXMalvon" folder in "Malvon Release" target */,
			);
			path = AXMalvon;
			sourceTree = "<group>";
		};
/* End PBXFileSystemSynchronizedRootGroup section */

/* Begin PBXFrameworksBuildPhase section */
		EDA45CC52D17303D00779C51 /* Frameworks */ = {
			isa = PBXFrameworksBuildPhase;
			buildActionMask = 2147483647;
			files = (
			);
			runOnlyForDeploymentPostprocessing = 0;
		};
/* End PBXFrameworksBuildPhase section */

/* Begin PBXGroup section */
		ED1522BD2CFABCFD00941684 /* Products */ = {
			isa = PBXGroup;
			children = (
				ED1522C12CFABCFE00941684 /* Malvon-Updater.app */,
			);
			name = Products;
			sourceTree = "<group>";
		};
		ED3AEFD92CDAED2F002AE6CC = {
			isa = PBXGroup;
			children = (
				ED1522BC2CFABCFD00941684 /* Malvon-Updater.xcodeproj */,
				ED3BA1482CE11E480094F6E9 /* Checklist.md */,
				ED9D55AD2CF155A1000E6319 /* license.txt */,
				ED3AEFE42CDAED2F002AE6CC /* AXMalvon */,
				ED3AEFE32CDAED2F002AE6CC /* Products */,
			);
			sourceTree = "<group>";
		};
		ED3AEFE32CDAED2F002AE6CC /* Products */ = {
			isa = PBXGroup;
			children = (
				ED3AEFE22CDAED2F002AE6CC /* Malvon Debug.app */,
				EDA45CCD2D17303D00779C51 /* Malvon.app */,
			);
			name = Products;
			sourceTree = "<group>";
		};
/* End PBXGroup section */

/* Begin PBXNativeTarget section */
		ED3AEFE12CDAED2F002AE6CC /* Malvon Debug */ = {
			isa = PBXNativeTarget;
			buildConfigurationList = ED3AEFEF2CDAED30002AE6CC /* Build configuration list for PBXNativeTarget "Malvon Debug" */;
			buildPhases = (
				ED3AEFDE2CDAED2F002AE6CC /* Sources */,
				ED3AEFE02CDAED2F002AE6CC /* Resources */,
			);
			buildRules = (
			);
			dependencies = (
			);
			fileSystemSynchronizedGroups = (
				ED3AEFE42CDAED2F002AE6CC /* AXMalvon */,
			);
			name = "Malvon Debug";
			packageProductDependencies = (
			);
			productName = AXMalvon;
			productReference = ED3AEFE22CDAED2F002AE6CC /* Malvon Debug.app */;
			productType = "com.apple.product-type.application";
		};
		EDA45CC12D17303D00779C51 /* Malvon Release */ = {
			isa = PBXNativeTarget;
			buildConfigurationList = EDA45CCA2D17303D00779C51 /* Build configuration list for PBXNativeTarget "Malvon Release" */;
			buildPhases = (
				EDA45CC42D17303D00779C51 /* Sources */,
				EDA45CC52D17303D00779C51 /* Frameworks */,
				EDA45CC62D17303D00779C51 /* Resources */,
				EDA45CC82D17303D00779C51 /* Copy Malvon-Updater */,
			);
			buildRules = (
			);
			dependencies = (
				EDA45CC22D17303D00779C51 /* PBXTargetDependency */,
			);
			fileSystemSynchronizedGroups = (
				ED3AEFE42CDAED2F002AE6CC /* AXMalvon */,
			);
			name = "Malvon Release";
			packageProductDependencies = (
			);
			productName = AXMalvon;
			productReference = EDA45CCD2D17303D00779C51 /* Malvon.app */;
			productType = "com.apple.product-type.application";
		};
/* End PBXNativeTarget section */

/* Begin PBXProject section */
		ED3AEFDA2CDAED2F002AE6CC /* Project object */ = {
			isa = PBXProject;
			attributes = {
				BuildIndependentTargetsInParallel = 1;
				CLASSPREFIX = AX;
				LastSwiftUpdateCheck = 1610;
				LastUpgradeCheck = 1620;
				TargetAttributes = {
					ED3AEFE12CDAED2F002AE6CC = {
						CreatedOnToolsVersion = 16.1;
						LastSwiftMigration = 1610;
					};
				};
			};
			buildConfigurationList = ED3AEFDD2CDAED2F002AE6CC /* Build configuration list for PBXProject "AXMalvon" */;
			developmentRegion = en;
			hasScannedForEncodings = 0;
			knownRegions = (
				en,
				Base,
			);
			mainGroup = ED3AEFD92CDAED2F002AE6CC;
			minimizedProjectReferenceProxies = 1;
			packageReferences = (
			);
			preferredProjectObjectVersion = 77;
			productRefGroup = ED3AEFE32CDAED2F002AE6CC /* Products */;
			projectDirPath = "";
			projectReferences = (
				{
					ProductGroup = ED1522BD2CFABCFD00941684 /* Products */;
					ProjectRef = ED1522BC2CFABCFD00941684 /* Malvon-Updater.xcodeproj */;
				},
			);
			projectRoot = "";
			targets = (
				ED3AEFE12CDAED2F002AE6CC /* Malvon Debug */,
				EDA45CC12D17303D00779C51 /* Malvon Release */,
			);
		};
/* End PBXProject section */

/* Begin PBXReferenceProxy section */
		ED1522C12CFABCFE00941684 /* Malvon-Updater.app */ = {
			isa = PBXReferenceProxy;
			fileType = wrapper.application;
			path = "Malvon-Updater.app";
			remoteRef = ED1522C02CFABCFE00941684 /* PBXContainerItemProxy */;
			sourceTree = BUILT_PRODUCTS_DIR;
		};
/* End PBXReferenceProxy section */

/* Begin PBXResourcesBuildPhase section */
		ED3AEFE02CDAED2F002AE6CC /* Resources */ = {
			isa = PBXResourcesBuildPhase;
			buildActionMask = 2147483647;
			files = (
			);
			runOnlyForDeploymentPostprocessing = 0;
		};
		EDA45CC62D17303D00779C51 /* Resources */ = {
			isa = PBXResourcesBuildPhase;
			buildActionMask = 2147483647;
			files = (
				EDA45CC72D17303D00779C51 /* license.txt in Resources */,
			);
			runOnlyForDeploymentPostprocessing = 0;
		};
/* End PBXResourcesBuildPhase section */

/* Begin PBXSourcesBuildPhase section */
		ED3AEFDE2CDAED2F002AE6CC /* Sources */ = {
			isa = PBXSourcesBuildPhase;
			buildActionMask = 2147483647;
			files = (
			);
			runOnlyForDeploymentPostprocessing = 0;
		};
		EDA45CC42D17303D00779C51 /* Sources */ = {
			isa = PBXSourcesBuildPhase;
			buildActionMask = 2147483647;
			files = (
			);
			runOnlyForDeploymentPostprocessing = 0;
		};
/* End PBXSourcesBuildPhase section */

/* Begin PBXTargetDependency section */
		EDA45CC22D17303D00779C51 /* PBXTargetDependency */ = {
			isa = PBXTargetDependency;
			name = "Malvon-Updater";
			targetProxy = EDA45CC32D17303D00779C51 /* PBXContainerItemProxy */;
		};
/* End PBXTargetDependency section */

/* Begin XCBuildConfiguration section */
		ED3AEFED2CDAED30002AE6CC /* Debug */ = {
			isa = XCBuildConfiguration;
			buildSettings = {
				ALWAYS_SEARCH_USER_PATHS = NO;
				ASSETCATALOG_COMPILER_GENERATE_SWIFT_ASSET_SYMBOL_EXTENSIONS = YES;
				CLANG_ANALYZER_NONNULL = YES;
				CLANG_ANALYZER_NUMBER_OBJECT_CONVERSION = YES_AGGRESSIVE;
				CLANG_CXX_LANGUAGE_STANDARD = "gnu++20";
				CLANG_ENABLE_MODULES = YES;
				CLANG_ENABLE_OBJC_ARC = YES;
				CLANG_ENABLE_OBJC_WEAK = YES;
				CLANG_WARN_BLOCK_CAPTURE_AUTORELEASING = YES;
				CLANG_WARN_BOOL_CONVERSION = YES;
				CLANG_WARN_COMMA = YES;
				CLANG_WARN_CONSTANT_CONVERSION = YES;
				CLANG_WARN_DEPRECATED_OBJC_IMPLEMENTATIONS = YES;
				CLANG_WARN_DIRECT_OBJC_ISA_USAGE = YES_ERROR;
				CLANG_WARN_DOCUMENTATION_COMMENTS = YES;
				CLANG_WARN_EMPTY_BODY = YES;
				CLANG_WARN_ENUM_CONVERSION = YES;
				CLANG_WARN_INFINITE_RECURSION = YES;
				CLANG_WARN_INT_CONVERSION = YES;
				CLANG_WARN_NON_LITERAL_NULL_CONVERSION = YES;
				CLANG_WARN_OBJC_IMPLICIT_RETAIN_SELF = YES;
				CLANG_WARN_OBJC_LITERAL_CONVERSION = YES;
				CLANG_WARN_OBJC_ROOT_CLASS = YES_ERROR;
				CLANG_WARN_QUOTED_INCLUDE_IN_FRAMEWORK_HEADER = YES;
				CLANG_WARN_RANGE_LOOP_ANALYSIS = YES;
				CLANG_WARN_STRICT_PROTOTYPES = YES;
				CLANG_WARN_SUSPICIOUS_MOVE = YES;
				CLANG_WARN_UNGUARDED_AVAILABILITY = YES_AGGRESSIVE;
				CLANG_WARN_UNREACHABLE_CODE = YES;
				CLANG_WARN__DUPLICATE_METHOD_MATCH = YES;
				COPY_PHASE_STRIP = NO;
				DEAD_CODE_STRIPPING = YES;
				DEBUG_INFORMATION_FORMAT = dwarf;
				ENABLE_STRICT_OBJC_MSGSEND = YES;
				ENABLE_TESTABILITY = YES;
				ENABLE_USER_SCRIPT_SANDBOXING = YES;
				GCC_C_LANGUAGE_STANDARD = gnu17;
				GCC_DYNAMIC_NO_PIC = NO;
				GCC_NO_COMMON_BLOCKS = YES;
				GCC_OPTIMIZATION_LEVEL = 0;
				GCC_PREPROCESSOR_DEFINITIONS = (
					"DEBUG=1",
					"$(inherited)",
				);
				GCC_WARN_64_TO_32_BIT_CONVERSION = YES;
				GCC_WARN_ABOUT_RETURN_TYPE = YES_ERROR;
				GCC_WARN_UNDECLARED_SELECTOR = YES;
				GCC_WARN_UNINITIALIZED_AUTOS = YES_AGGRESSIVE;
				GCC_WARN_UNUSED_FUNCTION = YES;
				GCC_WARN_UNUSED_VARIABLE = YES;
				LOCALIZATION_PREFERS_STRING_CATALOGS = YES;
				MACOSX_DEPLOYMENT_TARGET = 15.1;
				MTL_ENABLE_DEBUG_INFO = INCLUDE_SOURCE;
				MTL_FAST_MATH = YES;
				ONLY_ACTIVE_ARCH = YES;
				SDKROOT = macosx;
				SWIFT_ACTIVE_COMPILATION_CONDITIONS = "DEBUG $(inherited)";
				SWIFT_OPTIMIZATION_LEVEL = "-Onone";
			};
			name = Debug;
		};
		ED3AEFEE2CDAED30002AE6CC /* Release */ = {
			isa = XCBuildConfiguration;
			buildSettings = {
				ALWAYS_SEARCH_USER_PATHS = NO;
				ASSETCATALOG_COMPILER_GENERATE_SWIFT_ASSET_SYMBOL_EXTENSIONS = YES;
				CLANG_ANALYZER_NONNULL = YES;
				CLANG_ANALYZER_NUMBER_OBJECT_CONVERSION = YES_AGGRESSIVE;
				CLANG_CXX_LANGUAGE_STANDARD = "gnu++20";
				CLANG_ENABLE_MODULES = YES;
				CLANG_ENABLE_OBJC_ARC = YES;
				CLANG_ENABLE_OBJC_WEAK = YES;
				CLANG_WARN_BLOCK_CAPTURE_AUTORELEASING = YES;
				CLANG_WARN_BOOL_CONVERSION = YES;
				CLANG_WARN_COMMA = YES;
				CLANG_WARN_CONSTANT_CONVERSION = YES;
				CLANG_WARN_DEPRECATED_OBJC_IMPLEMENTATIONS = YES;
				CLANG_WARN_DIRECT_OBJC_ISA_USAGE = YES_ERROR;
				CLANG_WARN_DOCUMENTATION_COMMENTS = YES;
				CLANG_WARN_EMPTY_BODY = YES;
				CLANG_WARN_ENUM_CONVERSION = YES;
				CLANG_WARN_INFINITE_RECURSION = YES;
				CLANG_WARN_INT_CONVERSION = YES;
				CLANG_WARN_NON_LITERAL_NULL_CONVERSION = YES;
				CLANG_WARN_OBJC_IMPLICIT_RETAIN_SELF = YES;
				CLANG_WARN_OBJC_LITERAL_CONVERSION = YES;
				CLANG_WARN_OBJC_ROOT_CLASS = YES_ERROR;
				CLANG_WARN_QUOTED_INCLUDE_IN_FRAMEWORK_HEADER = YES;
				CLANG_WARN_RANGE_LOOP_ANALYSIS = YES;
				CLANG_WARN_STRICT_PROTOTYPES = YES;
				CLANG_WARN_SUSPICIOUS_MOVE = YES;
				CLANG_WARN_UNGUARDED_AVAILABILITY = YES_AGGRESSIVE;
				CLANG_WARN_UNREACHABLE_CODE = YES;
				CLANG_WARN__DUPLICATE_METHOD_MATCH = YES;
				COPY_PHASE_STRIP = NO;
				DEAD_CODE_STRIPPING = YES;
				DEBUG_INFORMATION_FORMAT = "dwarf-with-dsym";
				ENABLE_NS_ASSERTIONS = NO;
				ENABLE_STRICT_OBJC_MSGSEND = YES;
				ENABLE_USER_SCRIPT_SANDBOXING = YES;
				GCC_C_LANGUAGE_STANDARD = gnu17;
				GCC_NO_COMMON_BLOCKS = YES;
				GCC_WARN_64_TO_32_BIT_CONVERSION = YES;
				GCC_WARN_ABOUT_RETURN_TYPE = YES_ERROR;
				GCC_WARN_UNDECLARED_SELECTOR = YES;
				GCC_WARN_UNINITIALIZED_AUTOS = YES_AGGRESSIVE;
				GCC_WARN_UNUSED_FUNCTION = YES;
				GCC_WARN_UNUSED_VARIABLE = YES;
				LOCALIZATION_PREFERS_STRING_CATALOGS = YES;
				MACOSX_DEPLOYMENT_TARGET = 15.1;
				MTL_ENABLE_DEBUG_INFO = NO;
				MTL_FAST_MATH = YES;
				SDKROOT = macosx;
				SWIFT_COMPILATION_MODE = wholemodule;
			};
			name = Release;
		};
		ED3AEFF02CDAED30002AE6CC /* Debug */ = {
			isa = XCBuildConfiguration;
			buildSettings = {
				ASSETCATALOG_COMPILER_APPICON_NAME = AppIcon;
				ASSETCATALOG_COMPILER_GLOBAL_ACCENT_COLOR_NAME = AccentColor;
				CLANG_ENABLE_MODULES = YES;
				CODE_SIGN_INJECT_BASE_ENTITLEMENTS = NO;
				CODE_SIGN_STYLE = Automatic;
				COMBINE_HIDPI_IMAGES = YES;
				CURRENT_PROJECT_VERSION = 0.1;
				DEAD_CODE_STRIPPING = YES;
				DEVELOPMENT_TEAM = 3TJDS4N2C3;
				ENABLE_HARDENED_RUNTIME = NO;
				GENERATE_INFOPLIST_FILE = YES;
				INFOPLIST_FILE = AXMalvon/Info.plist;
				INFOPLIST_KEY_CFBundleDisplayName = Malvon;
				INFOPLIST_KEY_LSApplicationCategoryType = "public.app-category.productivity";
				INFOPLIST_KEY_NSCameraUsageDescription = "Malvon needs access to your camera";
				INFOPLIST_KEY_NSHumanReadableCopyright = "Copyright © 2022-2024 Ashwin Paudel, Aayam(X). All rights reserved.";
				INFOPLIST_KEY_NSMainNibFile = MainMenu;
				INFOPLIST_KEY_NSMicrophoneUsageDescription = "Malvon needs access to your microphone";
				INFOPLIST_KEY_NSPrincipalClass = NSApplication;
				LD_RUNPATH_SEARCH_PATHS = (
					"$(inherited)",
					"@executable_path/../Frameworks",
				);
				MACOSX_DEPLOYMENT_TARGET = 14.0;
				MARKETING_VERSION = 0.11;
				PRODUCT_BUNDLE_IDENTIFIER = com.ayaamx.AXMalvon;
				PRODUCT_NAME = "$(TARGET_NAME)";
				SWIFT_EMIT_LOC_STRINGS = YES;
				SWIFT_OPTIMIZATION_LEVEL = "-Onone";
				SWIFT_VERSION = 5.0;
			};
			name = Debug;
		};
		ED3AEFF12CDAED30002AE6CC /* Release */ = {
			isa = XCBuildConfiguration;
			buildSettings = {
				ASSETCATALOG_COMPILER_APPICON_NAME = AppIcon;
				ASSETCATALOG_COMPILER_GLOBAL_ACCENT_COLOR_NAME = AccentColor;
				CLANG_ENABLE_MODULES = YES;
				CODE_SIGN_INJECT_BASE_ENTITLEMENTS = NO;
				CODE_SIGN_STYLE = Automatic;
				COMBINE_HIDPI_IMAGES = YES;
				CURRENT_PROJECT_VERSION = 0.1;
				DEAD_CODE_STRIPPING = YES;
				DEVELOPMENT_TEAM = 3TJDS4N2C3;
				ENABLE_HARDENED_RUNTIME = NO;
				GENERATE_INFOPLIST_FILE = YES;
				INFOPLIST_FILE = AXMalvon/Info.plist;
				INFOPLIST_KEY_CFBundleDisplayName = Malvon;
				INFOPLIST_KEY_LSApplicationCategoryType = "public.app-category.productivity";
				INFOPLIST_KEY_NSCameraUsageDescription = "Malvon needs access to your camera";
				INFOPLIST_KEY_NSHumanReadableCopyright = "Copyright © 2022-2024 Ashwin Paudel, Aayam(X). All rights reserved.";
				INFOPLIST_KEY_NSMainNibFile = MainMenu;
				INFOPLIST_KEY_NSMicrophoneUsageDescription = "Malvon needs access to your microphone";
				INFOPLIST_KEY_NSPrincipalClass = NSApplication;
				LD_RUNPATH_SEARCH_PATHS = (
					"$(inherited)",
					"@executable_path/../Frameworks",
				);
				MACOSX_DEPLOYMENT_TARGET = 14.0;
				MARKETING_VERSION = 0.11;
				PRODUCT_BUNDLE_IDENTIFIER = com.ayaamx.AXMalvon;
				PRODUCT_NAME = "$(TARGET_NAME)";
				SWIFT_EMIT_LOC_STRINGS = YES;
				SWIFT_VERSION = 5.0;
			};
			name = Release;
		};
		EDA45CCB2D17303D00779C51 /* Debug */ = {
			isa = XCBuildConfiguration;
			buildSettings = {
				ASSETCATALOG_COMPILER_APPICON_NAME = AppIcon;
				ASSETCATALOG_COMPILER_GLOBAL_ACCENT_COLOR_NAME = AccentColor;
				CLANG_ENABLE_MODULES = YES;
				CODE_SIGN_INJECT_BASE_ENTITLEMENTS = NO;
				CODE_SIGN_STYLE = Automatic;
				COMBINE_HIDPI_IMAGES = YES;
				CURRENT_PROJECT_VERSION = 0.1;
				DEAD_CODE_STRIPPING = YES;
				DEVELOPMENT_TEAM = 3TJDS4N2C3;
				ENABLE_HARDENED_RUNTIME = NO;
				GENERATE_INFOPLIST_FILE = YES;
				INFOPLIST_FILE = AXMalvon/Info.plist;
				INFOPLIST_KEY_CFBundleDisplayName = Malvon;
				INFOPLIST_KEY_LSApplicationCategoryType = "public.app-category.productivity";
				INFOPLIST_KEY_NSCameraUsageDescription = "Malvon needs access to your camera";
				INFOPLIST_KEY_NSHumanReadableCopyright = "Copyright © 2022-2024 Ashwin Paudel, Aayam(X). All rights reserved.";
				INFOPLIST_KEY_NSMainNibFile = MainMenu;
				INFOPLIST_KEY_NSMicrophoneUsageDescription = "Malvon needs access to your microphone";
				INFOPLIST_KEY_NSPrincipalClass = NSApplication;
				LD_RUNPATH_SEARCH_PATHS = (
					"$(inherited)",
					"@executable_path/../Frameworks",
				);
				MACOSX_DEPLOYMENT_TARGET = 14.0;
				MARKETING_VERSION = 0.11;
				PRODUCT_BUNDLE_IDENTIFIER = com.ayaamx.AXMalvon;
				PRODUCT_NAME = Malvon;
				SWIFT_EMIT_LOC_STRINGS = YES;
				SWIFT_OPTIMIZATION_LEVEL = "-Onone";
				SWIFT_VERSION = 5.0;
			};
			name = Debug;
		};
		EDA45CCC2D17303D00779C51 /* Release */ = {
			isa = XCBuildConfiguration;
			buildSettings = {
				ASSETCATALOG_COMPILER_APPICON_NAME = AppIcon;
				ASSETCATALOG_COMPILER_GLOBAL_ACCENT_COLOR_NAME = AccentColor;
				CLANG_ENABLE_MODULES = YES;
				CODE_SIGN_INJECT_BASE_ENTITLEMENTS = NO;
				CODE_SIGN_STYLE = Automatic;
				COMBINE_HIDPI_IMAGES = YES;
				CURRENT_PROJECT_VERSION = 0.1;
				DEAD_CODE_STRIPPING = YES;
				DEVELOPMENT_TEAM = 3TJDS4N2C3;
				ENABLE_HARDENED_RUNTIME = NO;
				GENERATE_INFOPLIST_FILE = YES;
				INFOPLIST_FILE = AXMalvon/Info.plist;
				INFOPLIST_KEY_CFBundleDisplayName = Malvon;
				INFOPLIST_KEY_LSApplicationCategoryType = "public.app-category.productivity";
				INFOPLIST_KEY_NSCameraUsageDescription = "Malvon needs access to your camera";
				INFOPLIST_KEY_NSHumanReadableCopyright = "Copyright © 2022-2024 Ashwin Paudel, Aayam(X). All rights reserved.";
				INFOPLIST_KEY_NSMainNibFile = MainMenu;
				INFOPLIST_KEY_NSMicrophoneUsageDescription = "Malvon needs access to your microphone";
				INFOPLIST_KEY_NSPrincipalClass = NSApplication;
				LD_RUNPATH_SEARCH_PATHS = (
					"$(inherited)",
					"@executable_path/../Frameworks",
				);
				MACOSX_DEPLOYMENT_TARGET = 14.0;
				MARKETING_VERSION = 0.11;
				PRODUCT_BUNDLE_IDENTIFIER = com.ayaamx.AXMalvon;
				PRODUCT_NAME = Malvon;
				SWIFT_EMIT_LOC_STRINGS = YES;
				SWIFT_VERSION = 5.0;
			};
			name = Release;
		};
/* End XCBuildConfiguration section */

/* Begin XCConfigurationList section */
		ED3AEFDD2CDAED2F002AE6CC /* Build configuration list for PBXProject "AXMalvon" */ = {
			isa = XCConfigurationList;
			buildConfigurations = (
				ED3AEFED2CDAED30002AE6CC /* Debug */,
				ED3AEFEE2CDAED30002AE6CC /* Release */,
			);
			defaultConfigurationIsVisible = 0;
			defaultConfigurationName = Release;
		};
		ED3AEFEF2CDAED30002AE6CC /* Build configuration list for PBXNativeTarget "Malvon Debug" */ = {
			isa = XCConfigurationList;
			buildConfigurations = (
				ED3AEFF02CDAED30002AE6CC /* Debug */,
				ED3AEFF12CDAED30002AE6CC /* Release */,
			);
			defaultConfigurationIsVisible = 0;
			defaultConfigurationName = Release;
		};
		EDA45CCA2D17303D00779C51 /* Build configuration list for PBXNativeTarget "Malvon Release" */ = {
			isa = XCConfigurationList;
			buildConfigurations = (
				EDA45CCB2D17303D00779C51 /* Debug */,
				EDA45CCC2D17303D00779C51 /* Release */,
			);
			defaultConfigurationIsVisible = 0;
			defaultConfigurationName = Release;
		};
/* End XCConfigurationList section */
	};
	rootObject = ED3AEFDA2CDAED2F002AE6CC /* Project object */;
}
