// !$*UTF8*$!
{
	archiveVersion = 1;
	classes = {
	};
	objectVersion = 56;
	objects = {

/* Begin PBXBuildFile section */
		ED0B1AC92947910800524F08 /* AXSearchFieldPopoverView.swift in Sources */ = {isa = PBXBuildFile; fileRef = ED0B1AC82947910800524F08 /* AXSearchFieldPopoverView.swift */; };
		ED3204FE293E61240055CD73 /* AXSplitView.swift in Sources */ = {isa = PBXBuildFile; fileRef = ED3204FD293E61240055CD73 /* AXSplitView.swift */; };
		ED320500293E632A0055CD73 /* AXAppProperties.swift in Sources */ = {isa = PBXBuildFile; fileRef = ED3204FF293E632A0055CD73 /* AXAppProperties.swift */; };
		ED4262612948A63900D2478E /* Appicon.icns in Resources */ = {isa = PBXBuildFile; fileRef = ED4262602948A63900D2478E /* Appicon.icns */; };
		ED474EFA29496EEF00268FBD /* newtab.html in Resources */ = {isa = PBXBuildFile; fileRef = ED474EF929496EEF00268FBD /* newtab.html */; };
		ED907B33294DF4B30057A591 /* AXSidebarDownloadButton.swift in Sources */ = {isa = PBXBuildFile; fileRef = ED907B32294DF4B30057A591 /* AXSidebarDownloadButton.swift */; };
		ED956093293FFFB900AC1C15 /* AXHoverButton.swift in Sources */ = {isa = PBXBuildFile; fileRef = ED956092293FFFB900AC1C15 /* AXHoverButton.swift */; };
		ED95609729400AC700AC1C15 /* AXWebView.swift in Sources */ = {isa = PBXBuildFile; fileRef = ED95609629400AC700AC1C15 /* AXWebView.swift */; };
		ED95609A2940339800AC1C15 /* AXTabContainerView.swift in Sources */ = {isa = PBXBuildFile; fileRef = ED9560992940339800AC1C15 /* AXTabContainerView.swift */; };
		ED95609D294033D400AC1C15 /* AXTabItem.swift in Sources */ = {isa = PBXBuildFile; fileRef = ED95609C294033D400AC1C15 /* AXTabItem.swift */; };
		ED989DA6293D25E90081ABCF /* AXSideBarView.swift in Sources */ = {isa = PBXBuildFile; fileRef = ED989DA5293D25E90081ABCF /* AXSideBarView.swift */; };
		ED9FE65E29464E1C00323453 /* AXSidebarTabButton.swift in Sources */ = {isa = PBXBuildFile; fileRef = ED9FE65D29464E1C00323453 /* AXSidebarTabButton.swift */; };
		EDB514A42945219800EB0E8F /* AXTabManager.swift in Sources */ = {isa = PBXBuildFile; fileRef = EDB514A32945219800EB0E8F /* AXTabManager.swift */; };
		EDC611C1294E213A00524E88 /* AXWebViewFindView.swift in Sources */ = {isa = PBXBuildFile; fileRef = EDC611C0294E213A00524E88 /* AXWebViewFindView.swift */; };
		EDD71EC8293BD96600256EA9 /* AppDelegate.swift in Sources */ = {isa = PBXBuildFile; fileRef = EDD71EC7293BD96600256EA9 /* AppDelegate.swift */; };
		EDD71ECA293BD96700256EA9 /* Assets.xcassets in Resources */ = {isa = PBXBuildFile; fileRef = EDD71EC9293BD96700256EA9 /* Assets.xcassets */; };
		EDD71ECD293BD96700256EA9 /* MainMenu.xib in Resources */ = {isa = PBXBuildFile; fileRef = EDD71ECB293BD96700256EA9 /* MainMenu.xib */; };
		EDD71ED9293BECE700256EA9 /* AXWindow.swift in Sources */ = {isa = PBXBuildFile; fileRef = EDD71ED8293BECE700256EA9 /* AXWindow.swift */; };
		EDD71EDB293BF0F900256EA9 /* AXContentView.swift in Sources */ = {isa = PBXBuildFile; fileRef = EDD71EDA293BF0F900256EA9 /* AXContentView.swift */; };
/* End PBXBuildFile section */

/* Begin PBXFileReference section */
		ED0B1AC82947910800524F08 /* AXSearchFieldPopoverView.swift */ = {isa = PBXFileReference; lastKnownFileType = sourcecode.swift; path = AXSearchFieldPopoverView.swift; sourceTree = "<group>"; };
		ED27D69E2944B5F000CA1911 /* Log.md */ = {isa = PBXFileReference; lastKnownFileType = net.daringfireball.markdown; path = Log.md; sourceTree = "<group>"; };
		ED3204FD293E61240055CD73 /* AXSplitView.swift */ = {isa = PBXFileReference; lastKnownFileType = sourcecode.swift; path = AXSplitView.swift; sourceTree = "<group>"; };
		ED3204FF293E632A0055CD73 /* AXAppProperties.swift */ = {isa = PBXFileReference; lastKnownFileType = sourcecode.swift; path = AXAppProperties.swift; sourceTree = "<group>"; };
		ED4262602948A63900D2478E /* Appicon.icns */ = {isa = PBXFileReference; lastKnownFileType = image.icns; path = Appicon.icns; sourceTree = "<group>"; };
		ED4262622948A64B00D2478E /* Info.plist */ = {isa = PBXFileReference; lastKnownFileType = text.plist; path = Info.plist; sourceTree = "<group>"; };
		ED474EF929496EEF00268FBD /* newtab.html */ = {isa = PBXFileReference; lastKnownFileType = text.html; path = newtab.html; sourceTree = "<group>"; };
		ED907B32294DF4B30057A591 /* AXSidebarDownloadButton.swift */ = {isa = PBXFileReference; lastKnownFileType = sourcecode.swift; path = AXSidebarDownloadButton.swift; sourceTree = "<group>"; };
		ED956092293FFFB900AC1C15 /* AXHoverButton.swift */ = {isa = PBXFileReference; lastKnownFileType = sourcecode.swift; path = AXHoverButton.swift; sourceTree = "<group>"; };
		ED95609629400AC700AC1C15 /* AXWebView.swift */ = {isa = PBXFileReference; lastKnownFileType = sourcecode.swift; path = AXWebView.swift; sourceTree = "<group>"; };
		ED9560992940339800AC1C15 /* AXTabContainerView.swift */ = {isa = PBXFileReference; lastKnownFileType = sourcecode.swift; path = AXTabContainerView.swift; sourceTree = "<group>"; };
		ED95609C294033D400AC1C15 /* AXTabItem.swift */ = {isa = PBXFileReference; lastKnownFileType = sourcecode.swift; path = AXTabItem.swift; sourceTree = "<group>"; };
		ED989DA5293D25E90081ABCF /* AXSideBarView.swift */ = {isa = PBXFileReference; lastKnownFileType = sourcecode.swift; path = AXSideBarView.swift; sourceTree = "<group>"; };
		ED9FE65D29464E1C00323453 /* AXSidebarTabButton.swift */ = {isa = PBXFileReference; lastKnownFileType = sourcecode.swift; path = AXSidebarTabButton.swift; sourceTree = "<group>"; };
		EDB514A32945219800EB0E8F /* AXTabManager.swift */ = {isa = PBXFileReference; lastKnownFileType = sourcecode.swift; path = AXTabManager.swift; sourceTree = "<group>"; };
		EDC611C0294E213A00524E88 /* AXWebViewFindView.swift */ = {isa = PBXFileReference; lastKnownFileType = sourcecode.swift; path = AXWebViewFindView.swift; sourceTree = "<group>"; };
		EDD71EC4293BD96600256EA9 /* Malvon.app */ = {isa = PBXFileReference; explicitFileType = wrapper.application; includeInIndex = 0; path = Malvon.app; sourceTree = BUILT_PRODUCTS_DIR; };
		EDD71EC7293BD96600256EA9 /* AppDelegate.swift */ = {isa = PBXFileReference; lastKnownFileType = sourcecode.swift; path = AppDelegate.swift; sourceTree = "<group>"; };
		EDD71EC9293BD96700256EA9 /* Assets.xcassets */ = {isa = PBXFileReference; lastKnownFileType = folder.assetcatalog; path = Assets.xcassets; sourceTree = "<group>"; };
		EDD71ECC293BD96700256EA9 /* Base */ = {isa = PBXFileReference; lastKnownFileType = file.xib; name = Base; path = Base.lproj/MainMenu.xib; sourceTree = "<group>"; };
		EDD71ECE293BD96700256EA9 /* AXMalvon.entitlements */ = {isa = PBXFileReference; lastKnownFileType = text.plist.entitlements; path = AXMalvon.entitlements; sourceTree = "<group>"; };
		EDD71ED8293BECE700256EA9 /* AXWindow.swift */ = {isa = PBXFileReference; lastKnownFileType = sourcecode.swift; path = AXWindow.swift; sourceTree = "<group>"; };
		EDD71EDA293BF0F900256EA9 /* AXContentView.swift */ = {isa = PBXFileReference; lastKnownFileType = sourcecode.swift; path = AXContentView.swift; sourceTree = "<group>"; };
/* End PBXFileReference section */

/* Begin PBXFrameworksBuildPhase section */
		EDD71EC1293BD96600256EA9 /* Frameworks */ = {
			isa = PBXFrameworksBuildPhase;
			buildActionMask = 2147483647;
			files = (
			);
			runOnlyForDeploymentPostprocessing = 0;
		};
/* End PBXFrameworksBuildPhase section */

/* Begin PBXGroup section */
		ED0B1AC7294790EB00524F08 /* AXSearchField */ = {
			isa = PBXGroup;
			children = (
				ED0B1AC82947910800524F08 /* AXSearchFieldPopoverView.swift */,
				EDC611C0294E213A00524E88 /* AXWebViewFindView.swift */,
			);
			path = AXSearchField;
			sourceTree = "<group>";
		};
		ED474EF829496EE400268FBD /* Resources */ = {
			isa = PBXGroup;
			children = (
				ED474EF929496EEF00268FBD /* newtab.html */,
			);
			path = Resources;
			sourceTree = "<group>";
		};
		ED907B34294DF4B50057A591 /* Sidebar */ = {
			isa = PBXGroup;
			children = (
				ED9FE65D29464E1C00323453 /* AXSidebarTabButton.swift */,
				ED907B32294DF4B30057A591 /* AXSidebarDownloadButton.swift */,
			);
			path = Sidebar;
			sourceTree = "<group>";
		};
		ED9560942940065600AC1C15 /* Views */ = {
			isa = PBXGroup;
			children = (
				EDD71EDA293BF0F900256EA9 /* AXContentView.swift */,
				ED989DA5293D25E90081ABCF /* AXSideBarView.swift */,
				ED95609629400AC700AC1C15 /* AXWebView.swift */,
			);
			path = Views;
			sourceTree = "<group>";
		};
		ED9560952940066300AC1C15 /* Subclass Views */ = {
			isa = PBXGroup;
			children = (
				ED907B34294DF4B50057A591 /* Sidebar */,
				ED3204FD293E61240055CD73 /* AXSplitView.swift */,
				ED956092293FFFB900AC1C15 /* AXHoverButton.swift */,
			);
			path = "Subclass Views";
			sourceTree = "<group>";
		};
		ED9560982940334B00AC1C15 /* Custom Views */ = {
			isa = PBXGroup;
			children = (
				ED0B1AC7294790EB00524F08 /* AXSearchField */,
				ED95609B294033C600AC1C15 /* AXTab */,
			);
			path = "Custom Views";
			sourceTree = "<group>";
		};
		ED95609B294033C600AC1C15 /* AXTab */ = {
			isa = PBXGroup;
			children = (
				ED9560992940339800AC1C15 /* AXTabContainerView.swift */,
				ED95609C294033D400AC1C15 /* AXTabItem.swift */,
				EDB514A32945219800EB0E8F /* AXTabManager.swift */,
			);
			path = AXTab;
			sourceTree = "<group>";
		};
		EDD71EBB293BD96600256EA9 = {
			isa = PBXGroup;
			children = (
				ED27D69E2944B5F000CA1911 /* Log.md */,
				EDD71EC6293BD96600256EA9 /* AXMalvon */,
				EDD71EC5293BD96600256EA9 /* Products */,
			);
			sourceTree = "<group>";
		};
		EDD71EC5293BD96600256EA9 /* Products */ = {
			isa = PBXGroup;
			children = (
				EDD71EC4293BD96600256EA9 /* Malvon.app */,
			);
			name = Products;
			sourceTree = "<group>";
		};
		EDD71EC6293BD96600256EA9 /* AXMalvon */ = {
			isa = PBXGroup;
			children = (
				ED3204FF293E632A0055CD73 /* AXAppProperties.swift */,
				EDD71EC7293BD96600256EA9 /* AppDelegate.swift */,
				EDD71ED8293BECE700256EA9 /* AXWindow.swift */,
				ED9560942940065600AC1C15 /* Views */,
				ED9560982940334B00AC1C15 /* Custom Views */,
				ED9560952940066300AC1C15 /* Subclass Views */,
				ED474EF829496EE400268FBD /* Resources */,
				EDD71EC9293BD96700256EA9 /* Assets.xcassets */,
				ED4262622948A64B00D2478E /* Info.plist */,
				ED4262602948A63900D2478E /* Appicon.icns */,
				EDD71ECB293BD96700256EA9 /* MainMenu.xib */,
				EDD71ECE293BD96700256EA9 /* AXMalvon.entitlements */,
			);
			path = AXMalvon;
			sourceTree = "<group>";
		};
/* End PBXGroup section */

/* Begin PBXNativeTarget section */
		EDD71EC3293BD96600256EA9 /* AXMalvon */ = {
			isa = PBXNativeTarget;
			buildConfigurationList = EDD71ED1293BD96700256EA9 /* Build configuration list for PBXNativeTarget "AXMalvon" */;
			buildPhases = (
				EDD71EC0293BD96600256EA9 /* Sources */,
				EDD71EC1293BD96600256EA9 /* Frameworks */,
				EDD71EC2293BD96600256EA9 /* Resources */,
			);
			buildRules = (
			);
			dependencies = (
			);
			name = AXMalvon;
			productName = AXMalvon;
			productReference = EDD71EC4293BD96600256EA9 /* Malvon.app */;
			productType = "com.apple.product-type.application";
		};
/* End PBXNativeTarget section */

/* Begin PBXProject section */
		EDD71EBC293BD96600256EA9 /* Project object */ = {
			isa = PBXProject;
			attributes = {
				BuildIndependentTargetsInParallel = 1;
				CLASSPREFIX = AX;
				LastSwiftUpdateCheck = 1410;
				LastUpgradeCheck = 1420;
				ORGANIZATIONNAME = "Aayam(X)";
				TargetAttributes = {
					EDD71EC3293BD96600256EA9 = {
						CreatedOnToolsVersion = 14.1;
					};
				};
			};
			buildConfigurationList = EDD71EBF293BD96600256EA9 /* Build configuration list for PBXProject "AXMalvon" */;
			compatibilityVersion = "Xcode 14.0";
			developmentRegion = en;
			hasScannedForEncodings = 0;
			knownRegions = (
				en,
				Base,
			);
			mainGroup = EDD71EBB293BD96600256EA9;
			productRefGroup = EDD71EC5293BD96600256EA9 /* Products */;
			projectDirPath = "";
			projectRoot = "";
			targets = (
				EDD71EC3293BD96600256EA9 /* AXMalvon */,
			);
		};
/* End PBXProject section */

/* Begin PBXResourcesBuildPhase section */
		EDD71EC2293BD96600256EA9 /* Resources */ = {
			isa = PBXResourcesBuildPhase;
			buildActionMask = 2147483647;
			files = (
				EDD71ECA293BD96700256EA9 /* Assets.xcassets in Resources */,
				EDD71ECD293BD96700256EA9 /* MainMenu.xib in Resources */,
				ED4262612948A63900D2478E /* Appicon.icns in Resources */,
				ED474EFA29496EEF00268FBD /* newtab.html in Resources */,
			);
			runOnlyForDeploymentPostprocessing = 0;
		};
/* End PBXResourcesBuildPhase section */

/* Begin PBXSourcesBuildPhase section */
		EDD71EC0293BD96600256EA9 /* Sources */ = {
			isa = PBXSourcesBuildPhase;
			buildActionMask = 2147483647;
			files = (
				EDB514A42945219800EB0E8F /* AXTabManager.swift in Sources */,
				ED907B33294DF4B30057A591 /* AXSidebarDownloadButton.swift in Sources */,
				ED320500293E632A0055CD73 /* AXAppProperties.swift in Sources */,
				ED0B1AC92947910800524F08 /* AXSearchFieldPopoverView.swift in Sources */,
				ED989DA6293D25E90081ABCF /* AXSideBarView.swift in Sources */,
				EDD71ED9293BECE700256EA9 /* AXWindow.swift in Sources */,
				ED956093293FFFB900AC1C15 /* AXHoverButton.swift in Sources */,
				ED9FE65E29464E1C00323453 /* AXSidebarTabButton.swift in Sources */,
				ED95609729400AC700AC1C15 /* AXWebView.swift in Sources */,
				ED3204FE293E61240055CD73 /* AXSplitView.swift in Sources */,
				EDD71EDB293BF0F900256EA9 /* AXContentView.swift in Sources */,
				ED95609D294033D400AC1C15 /* AXTabItem.swift in Sources */,
				EDC611C1294E213A00524E88 /* AXWebViewFindView.swift in Sources */,
				ED95609A2940339800AC1C15 /* AXTabContainerView.swift in Sources */,
				EDD71EC8293BD96600256EA9 /* AppDelegate.swift in Sources */,
			);
			runOnlyForDeploymentPostprocessing = 0;
		};
/* End PBXSourcesBuildPhase section */

/* Begin PBXVariantGroup section */
		EDD71ECB293BD96700256EA9 /* MainMenu.xib */ = {
			isa = PBXVariantGroup;
			children = (
				EDD71ECC293BD96700256EA9 /* Base */,
			);
			name = MainMenu.xib;
			sourceTree = "<group>";
		};
/* End PBXVariantGroup section */

/* Begin XCBuildConfiguration section */
		EDD71ECF293BD96700256EA9 /* Debug */ = {
			isa = XCBuildConfiguration;
			buildSettings = {
				ALWAYS_SEARCH_USER_PATHS = NO;
				CLANG_ANALYZER_NONNULL = YES;
				CLANG_ANALYZER_NUMBER_OBJECT_CONVERSION = YES_AGGRESSIVE;
				CLANG_CXX_LANGUAGE_STANDARD = "gnu++20";
				CLANG_ENABLE_MODULES = YES;
				CLANG_ENABLE_OBJC_ARC = YES;
				CLANG_ENABLE_OBJC_WEAK = YES;
				CLANG_WARN_BLOCK_CAPTURE_AUTORELEASING = YES;
				CLANG_WARN_BOOL_CONVERSION = YES;
				CLANG_WARN_COMMA = YES;
				CLANG_WARN_CONSTANT_CONVERSION = YES;
				CLANG_WARN_DEPRECATED_OBJC_IMPLEMENTATIONS = YES;
				CLANG_WARN_DIRECT_OBJC_ISA_USAGE = YES_ERROR;
				CLANG_WARN_DOCUMENTATION_COMMENTS = YES;
				CLANG_WARN_EMPTY_BODY = YES;
				CLANG_WARN_ENUM_CONVERSION = YES;
				CLANG_WARN_INFINITE_RECURSION = YES;
				CLANG_WARN_INT_CONVERSION = YES;
				CLANG_WARN_NON_LITERAL_NULL_CONVERSION = YES;
				CLANG_WARN_OBJC_IMPLICIT_RETAIN_SELF = YES;
				CLANG_WARN_OBJC_LITERAL_CONVERSION = YES;
				CLANG_WARN_OBJC_ROOT_CLASS = YES_ERROR;
				CLANG_WARN_QUOTED_INCLUDE_IN_FRAMEWORK_HEADER = YES;
				CLANG_WARN_RANGE_LOOP_ANALYSIS = YES;
				CLANG_WARN_STRICT_PROTOTYPES = YES;
				CLANG_WARN_SUSPICIOUS_MOVE = YES;
				CLANG_WARN_UNGUARDED_AVAILABILITY = YES_AGGRESSIVE;
				CLANG_WARN_UNREACHABLE_CODE = YES;
				CLANG_WARN__DUPLICATE_METHOD_MATCH = YES;
				COPY_PHASE_STRIP = NO;
				DEAD_CODE_STRIPPING = YES;
				DEBUG_INFORMATION_FORMAT = dwarf;
				ENABLE_STRICT_OBJC_MSGSEND = YES;
				ENABLE_TESTABILITY = YES;
				GCC_C_LANGUAGE_STANDARD = gnu11;
				GCC_DYNAMIC_NO_PIC = NO;
				GCC_NO_COMMON_BLOCKS = YES;
				GCC_OPTIMIZATION_LEVEL = 0;
				GCC_PREPROCESSOR_DEFINITIONS = (
					"DEBUG=1",
					"$(inherited)",
				);
				GCC_WARN_64_TO_32_BIT_CONVERSION = YES;
				GCC_WARN_ABOUT_RETURN_TYPE = YES_ERROR;
				GCC_WARN_UNDECLARED_SELECTOR = YES;
				GCC_WARN_UNINITIALIZED_AUTOS = YES_AGGRESSIVE;
				GCC_WARN_UNUSED_FUNCTION = YES;
				GCC_WARN_UNUSED_VARIABLE = YES;
				MACOSX_DEPLOYMENT_TARGET = 11.3;
				MTL_ENABLE_DEBUG_INFO = INCLUDE_SOURCE;
				MTL_FAST_MATH = YES;
				ONLY_ACTIVE_ARCH = YES;
				SDKROOT = macosx;
				SWIFT_ACTIVE_COMPILATION_CONDITIONS = DEBUG;
				SWIFT_OPTIMIZATION_LEVEL = "-Onone";
			};
			name = Debug;
		};
		EDD71ED0293BD96700256EA9 /* Release */ = {
			isa = XCBuildConfiguration;
			buildSettings = {
				ALWAYS_SEARCH_USER_PATHS = NO;
				CLANG_ANALYZER_NONNULL = YES;
				CLANG_ANALYZER_NUMBER_OBJECT_CONVERSION = YES_AGGRESSIVE;
				CLANG_CXX_LANGUAGE_STANDARD = "gnu++20";
				CLANG_ENABLE_MODULES = YES;
				CLANG_ENABLE_OBJC_ARC = YES;
				CLANG_ENABLE_OBJC_WEAK = YES;
				CLANG_WARN_BLOCK_CAPTURE_AUTORELEASING = YES;
				CLANG_WARN_BOOL_CONVERSION = YES;
				CLANG_WARN_COMMA = YES;
				CLANG_WARN_CONSTANT_CONVERSION = YES;
				CLANG_WARN_DEPRECATED_OBJC_IMPLEMENTATIONS = YES;
				CLANG_WARN_DIRECT_OBJC_ISA_USAGE = YES_ERROR;
				CLANG_WARN_DOCUMENTATION_COMMENTS = YES;
				CLANG_WARN_EMPTY_BODY = YES;
				CLANG_WARN_ENUM_CONVERSION = YES;
				CLANG_WARN_INFINITE_RECURSION = YES;
				CLANG_WARN_INT_CONVERSION = YES;
				CLANG_WARN_NON_LITERAL_NULL_CONVERSION = YES;
				CLANG_WARN_OBJC_IMPLICIT_RETAIN_SELF = YES;
				CLANG_WARN_OBJC_LITERAL_CONVERSION = YES;
				CLANG_WARN_OBJC_ROOT_CLASS = YES_ERROR;
				CLANG_WARN_QUOTED_INCLUDE_IN_FRAMEWORK_HEADER = YES;
				CLANG_WARN_RANGE_LOOP_ANALYSIS = YES;
				CLANG_WARN_STRICT_PROTOTYPES = YES;
				CLANG_WARN_SUSPICIOUS_MOVE = YES;
				CLANG_WARN_UNGUARDED_AVAILABILITY = YES_AGGRESSIVE;
				CLANG_WARN_UNREACHABLE_CODE = YES;
				CLANG_WARN__DUPLICATE_METHOD_MATCH = YES;
				COPY_PHASE_STRIP = NO;
				DEAD_CODE_STRIPPING = YES;
				DEBUG_INFORMATION_FORMAT = "dwarf-with-dsym";
				ENABLE_NS_ASSERTIONS = NO;
				ENABLE_STRICT_OBJC_MSGSEND = YES;
				GCC_C_LANGUAGE_STANDARD = gnu11;
				GCC_NO_COMMON_BLOCKS = YES;
				GCC_WARN_64_TO_32_BIT_CONVERSION = YES;
				GCC_WARN_ABOUT_RETURN_TYPE = YES_ERROR;
				GCC_WARN_UNDECLARED_SELECTOR = YES;
				GCC_WARN_UNINITIALIZED_AUTOS = YES_AGGRESSIVE;
				GCC_WARN_UNUSED_FUNCTION = YES;
				GCC_WARN_UNUSED_VARIABLE = YES;
				MACOSX_DEPLOYMENT_TARGET = 11.3;
				MTL_ENABLE_DEBUG_INFO = NO;
				MTL_FAST_MATH = YES;
				SDKROOT = macosx;
				SWIFT_COMPILATION_MODE = wholemodule;
				SWIFT_OPTIMIZATION_LEVEL = "-O";
			};
			name = Release;
		};
		EDD71ED2293BD96700256EA9 /* Debug */ = {
			isa = XCBuildConfiguration;
			buildSettings = {
				ASSETCATALOG_COMPILER_APPICON_NAME = AppIcon;
				ASSETCATALOG_COMPILER_GLOBAL_ACCENT_COLOR_NAME = AccentColor;
				CODE_SIGN_ENTITLEMENTS = AXMalvon/AXMalvon.entitlements;
				CODE_SIGN_IDENTITY = "-";
				CODE_SIGN_STYLE = Automatic;
				COMBINE_HIDPI_IMAGES = YES;
				CURRENT_PROJECT_VERSION = 1;
				DEAD_CODE_STRIPPING = YES;
				DEVELOPMENT_TEAM = B29PGN9AG4;
				ENABLE_HARDENED_RUNTIME = NO;
				GENERATE_INFOPLIST_FILE = YES;
				INFOPLIST_FILE = AXMalvon/Info.plist;
				INFOPLIST_KEY_CFBundleDisplayName = Malvon;
				INFOPLIST_KEY_LSApplicationCategoryType = "public.app-category.productivity";
				INFOPLIST_KEY_NSHumanReadableCopyright = "Copyright © 2022 Aayam(X) Inc. All rights reserved.";
				INFOPLIST_KEY_NSMainNibFile = MainMenu;
				INFOPLIST_KEY_NSPrincipalClass = NSApplication;
				LD_RUNPATH_SEARCH_PATHS = (
					"$(inherited)",
					"@executable_path/../Frameworks",
				);
				MACOSX_DEPLOYMENT_TARGET = 11.3;
				MARKETING_VERSION = 0.0.8;
				PRODUCT_BUNDLE_IDENTIFIER = com.ashwin.AXMalvon;
				PRODUCT_NAME = Malvon;
				SWIFT_EMIT_LOC_STRINGS = YES;
				SWIFT_VERSION = 5.0;
			};
			name = Debug;
		};
		EDD71ED3293BD96700256EA9 /* Release */ = {
			isa = XCBuildConfiguration;
			buildSettings = {
				ASSETCATALOG_COMPILER_APPICON_NAME = AppIcon;
				ASSETCATALOG_COMPILER_GLOBAL_ACCENT_COLOR_NAME = AccentColor;
				CODE_SIGN_ENTITLEMENTS = AXMalvon/AXMalvon.entitlements;
				CODE_SIGN_IDENTITY = "-";
				CODE_SIGN_STYLE = Automatic;
				COMBINE_HIDPI_IMAGES = YES;
				CURRENT_PROJECT_VERSION = 1;
				DEAD_CODE_STRIPPING = YES;
				DEVELOPMENT_TEAM = B29PGN9AG4;
				ENABLE_HARDENED_RUNTIME = NO;
				GENERATE_INFOPLIST_FILE = YES;
				INFOPLIST_FILE = AXMalvon/Info.plist;
				INFOPLIST_KEY_CFBundleDisplayName = Malvon;
				INFOPLIST_KEY_LSApplicationCategoryType = "public.app-category.productivity";
				INFOPLIST_KEY_NSHumanReadableCopyright = "Copyright © 2022 Aayam(X) Inc. All rights reserved.";
				INFOPLIST_KEY_NSMainNibFile = MainMenu;
				INFOPLIST_KEY_NSPrincipalClass = NSApplication;
				LD_RUNPATH_SEARCH_PATHS = (
					"$(inherited)",
					"@executable_path/../Frameworks",
				);
				MACOSX_DEPLOYMENT_TARGET = 11.3;
				MARKETING_VERSION = 0.0.8;
				PRODUCT_BUNDLE_IDENTIFIER = com.ashwin.AXMalvon;
				PRODUCT_NAME = Malvon;
				SWIFT_EMIT_LOC_STRINGS = YES;
				SWIFT_VERSION = 5.0;
			};
			name = Release;
		};
/* End XCBuildConfiguration section */

/* Begin XCConfigurationList section */
		EDD71EBF293BD96600256EA9 /* Build configuration list for PBXProject "AXMalvon" */ = {
			isa = XCConfigurationList;
			buildConfigurations = (
				EDD71ECF293BD96700256EA9 /* Debug */,
				EDD71ED0293BD96700256EA9 /* Release */,
			);
			defaultConfigurationIsVisible = 0;
			defaultConfigurationName = Release;
		};
		EDD71ED1293BD96700256EA9 /* Build configuration list for PBXNativeTarget "AXMalvon" */ = {
			isa = XCConfigurationList;
			buildConfigurations = (
				EDD71ED2293BD96700256EA9 /* Debug */,
				EDD71ED3293BD96700256EA9 /* Release */,
			);
			defaultConfigurationIsVisible = 0;
			defaultConfigurationName = Release;
		};
/* End XCConfigurationList section */
	};
	rootObject = EDD71EBC293BD96600256EA9 /* Project object */;
}
